<Solution>
  <Folder Name="/Source/">
    <Project Path="Source/VodonghaPersonal.Client/VodonghaPersonal.Client.csproj" />
    <Project Path="Source/VodonghaPersonal.Server/VodonghaPersonal.Server.csproj" />
    <Project Path="Source/VodonghaPersonal.Shared/VodonghaPersonal.Shared.csproj" />
  </Folder>
  <Folder Name="/Test/">
    <Project Path="Test/VodonghaPersonal.Client.Tests/VodonghaPersonal.Client.Tests.csproj" />
    <Project Path="Test/VodonghaPersonal.Server.Tests/VodonghaPersonal.Server.Tests.csproj" />
    <Project Path="Test/VodonghaPersonal.Shared.Tests/VodonghaPersonal.Shared.Tests.csproj" />
  </Folder>
</Solution>
